
Microsoft Visual Studio Solution File, Format Version 12.00
# Visual Studio 2012
Project("{8BC9CEB8-8B4A-11D0-8D11-00A0C91BC942}") = "Variable", "Variable\Variable.vcxproj", "{CEF07861-F4A5-4A04-92AF-B40F4ECF3626}"
EndProject
Global
	GlobalSection(SolutionConfigurationPlatforms) = preSolution
		Debug|Win32 = Debug|Win32
		Release|Win32 = Release|Win32
	EndGlobalSection
	GlobalSection(ProjectConfigurationPlatforms) = postSolution
		{CEF07861-F4A5-4A04-92AF-B40F4ECF3626}.Debug|Win32.ActiveCfg = Debug|Win32
		{CEF07861-F4A5-4A04-92AF-B40F4ECF3626}.Debug|Win32.Build.0 = Debug|Win32
		{CEF07861-F4A5-4A04-92AF-B40F4ECF3626}.Release|Win32.ActiveCfg = Release|Win32
		{CEF07861-F4A5-4A04-92AF-B40F4ECF3626}.Release|Win32.Build.0 = Release|Win32
	EndGlobalSection
	GlobalSection(SolutionProperties) = preSolution
		HideSolutionNode = FALSE
	EndGlobalSection
EndGlobal
