
Microsoft Visual Studio Solution File, Format Version 12.00
# Visual Studio 2012
Project("{8BC9CEB8-8B4A-11D0-8D11-00A0C91BC942}") = "File Input and Output Exercise", "File Input and Output Exercise\File Input and Output Exercise.vcxproj", "{165955BB-21C0-4CF4-9EE8-A5FC1667DEC6}"
EndProject
Global
	GlobalSection(SolutionConfigurationPlatforms) = preSolution
		Debug|Win32 = Debug|Win32
		Release|Win32 = Release|Win32
	EndGlobalSection
	GlobalSection(ProjectConfigurationPlatforms) = postSolution
		{165955BB-21C0-4CF4-9EE8-A5FC1667DEC6}.Debug|Win32.ActiveCfg = Debug|Win32
		{165955BB-21C0-4CF4-9EE8-A5FC1667DEC6}.Debug|Win32.Build.0 = Debug|Win32
		{165955BB-21C0-4CF4-9EE8-A5FC1667DEC6}.Release|Win32.ActiveCfg = Release|Win32
		{165955BB-21C0-4CF4-9EE8-A5FC1667DEC6}.Release|Win32.Build.0 = Release|Win32
	EndGlobalSection
	GlobalSection(SolutionProperties) = preSolution
		HideSolutionNode = FALSE
	EndGlobalSection
EndGlobal
