
Microsoft Visual Studio Solution File, Format Version 12.00
# Visual Studio 2012
Project("{F184B08F-C81C-45F6-A57F-5ABD9991F28F}") = "Timer", "Timer\Timer.vbproj", "{07EC582F-7A5C-4744-9D91-CD762875C068}"
EndProject
Project("{6141683F-8A12-4E36-9623-2EB02B2C2303}") = "TimerInstaller", "TimerInstaller\TimerInstaller.isproj", "{68D8BE93-BAB3-49AC-B3B6-724637DDAB76}"
EndProject
Global
	GlobalSection(SolutionConfigurationPlatforms) = preSolution
		CD_ROM|Any CPU = CD_ROM|Any CPU
		Debug|Any CPU = Debug|Any CPU
		DVD-5|Any CPU = DVD-5|Any CPU
		Release|Any CPU = Release|Any CPU
		SingleImage|Any CPU = SingleImage|Any CPU
	EndGlobalSection
	GlobalSection(ProjectConfigurationPlatforms) = postSolution
		{07EC582F-7A5C-4744-9D91-CD762875C068}.CD_ROM|Any CPU.ActiveCfg = Release|Any CPU
		{07EC582F-7A5C-4744-9D91-CD762875C068}.CD_ROM|Any CPU.Build.0 = Release|Any CPU
		{07EC582F-7A5C-4744-9D91-CD762875C068}.Debug|Any CPU.ActiveCfg = Debug|Any CPU
		{07EC582F-7A5C-4744-9D91-CD762875C068}.Debug|Any CPU.Build.0 = Debug|Any CPU
		{07EC582F-7A5C-4744-9D91-CD762875C068}.DVD-5|Any CPU.ActiveCfg = Debug|Any CPU
		{07EC582F-7A5C-4744-9D91-CD762875C068}.DVD-5|Any CPU.Build.0 = Debug|Any CPU
		{07EC582F-7A5C-4744-9D91-CD762875C068}.Release|Any CPU.ActiveCfg = Release|Any CPU
		{07EC582F-7A5C-4744-9D91-CD762875C068}.Release|Any CPU.Build.0 = Release|Any CPU
		{07EC582F-7A5C-4744-9D91-CD762875C068}.SingleImage|Any CPU.ActiveCfg = Release|Any CPU
		{07EC582F-7A5C-4744-9D91-CD762875C068}.SingleImage|Any CPU.Build.0 = Release|Any CPU
		{68D8BE93-BAB3-49AC-B3B6-724637DDAB76}.CD_ROM|Any CPU.ActiveCfg = CD_ROM
		{68D8BE93-BAB3-49AC-B3B6-724637DDAB76}.CD_ROM|Any CPU.Build.0 = CD_ROM
		{68D8BE93-BAB3-49AC-B3B6-724637DDAB76}.Debug|Any CPU.ActiveCfg = DVD-5
		{68D8BE93-BAB3-49AC-B3B6-724637DDAB76}.Debug|Any CPU.Build.0 = DVD-5
		{68D8BE93-BAB3-49AC-B3B6-724637DDAB76}.DVD-5|Any CPU.ActiveCfg = DVD-5
		{68D8BE93-BAB3-49AC-B3B6-724637DDAB76}.DVD-5|Any CPU.Build.0 = DVD-5
		{68D8BE93-BAB3-49AC-B3B6-724637DDAB76}.Release|Any CPU.ActiveCfg = SingleImage
		{68D8BE93-BAB3-49AC-B3B6-724637DDAB76}.Release|Any CPU.Build.0 = SingleImage
		{68D8BE93-BAB3-49AC-B3B6-724637DDAB76}.SingleImage|Any CPU.ActiveCfg = SingleImage
		{68D8BE93-BAB3-49AC-B3B6-724637DDAB76}.SingleImage|Any CPU.Build.0 = SingleImage
	EndGlobalSection
	GlobalSection(SolutionProperties) = preSolution
		HideSolutionNode = FALSE
	EndGlobalSection
EndGlobal
