
Microsoft Visual Studio Solution File, Format Version 12.00
# Visual Studio 2012
Project("{8BC9CEB8-8B4A-11D0-8D11-00A0C91BC942}") = "Cookie Shipment", "Cookie Shipment\Cookie Shipment.vcxproj", "{DF48458C-2C60-41AC-88B1-B85E6CBB2FB2}"
EndProject
Global
	GlobalSection(SolutionConfigurationPlatforms) = preSolution
		Debug|Win32 = Debug|Win32
		Release|Win32 = Release|Win32
	EndGlobalSection
	GlobalSection(ProjectConfigurationPlatforms) = postSolution
		{DF48458C-2C60-41AC-88B1-B85E6CBB2FB2}.Debug|Win32.ActiveCfg = Debug|Win32
		{DF48458C-2C60-41AC-88B1-B85E6CBB2FB2}.Debug|Win32.Build.0 = Debug|Win32
		{DF48458C-2C60-41AC-88B1-B85E6CBB2FB2}.Release|Win32.ActiveCfg = Release|Win32
		{DF48458C-2C60-41AC-88B1-B85E6CBB2FB2}.Release|Win32.Build.0 = Release|Win32
	EndGlobalSection
	GlobalSection(SolutionProperties) = preSolution
		HideSolutionNode = FALSE
	EndGlobalSection
EndGlobal
